// !$*UTF8*$!
{
	archiveVersion = 1;
	classes = {
	};
	objectVersion = 46;
	objects = {

/* Begin PBXBuildFile section */
		C82EF9851536FFD4002F2C55 /* Base64.m in Sources */ = {isa = PBXBuildFile; fileRef = C82EF9841536FFD4002F2C55 /* Base64.m */; };
		C8D500D3153993DD00CD2CBE /* Cipher.m in Sources */ = {isa = PBXBuildFile; fileRef = C8D500D2153993DD00CD2CBE /* Cipher.m */; };
		C8D5E6EC153C06B400BEEC60 /* README.md in Resources */ = {isa = PBXBuildFile; fileRef = C8D5E6EB153C06B400BEEC60 /* README.md */; };
		C8F2795715355B580036193E /* UIKit.framework in Frameworks */ = {isa = PBXBuildFile; fileRef = C8F2795615355B580036193E /* UIKit.framework */; };
		C8F2795915355B580036193E /* Foundation.framework in Frameworks */ = {isa = PBXBuildFile; fileRef = C8F2795815355B580036193E /* Foundation.framework */; };
		C8F2795B15355B580036193E /* CoreGraphics.framework in Frameworks */ = {isa = PBXBuildFile; fileRef = C8F2795A15355B580036193E /* CoreGraphics.framework */; };
		C8F2796115355B580036193E /* InfoPlist.strings in Resources */ = {isa = PBXBuildFile; fileRef = C8F2795F15355B580036193E /* InfoPlist.strings */; };
		C8F2796315355B580036193E /* main.m in Sources */ = {isa = PBXBuildFile; fileRef = C8F2796215355B580036193E /* main.m */; };
		C8F2798315355BBD0036193E /* JSONKit.m in Sources */ = {isa = PBXBuildFile; fileRef = C8F2797A15355BBD0036193E /* JSONKit.m */; };
		C8F2798415355BBD0036193E /* JSON.m in Sources */ = {isa = PBXBuildFile; fileRef = C8F2797C15355BBD0036193E /* JSON.m */; };
		C8F2798615355BBD0036193E /* CEPubnub.m in Sources */ = {isa = PBXBuildFile; fileRef = C8F2798015355BBD0036193E /* CEPubnub.m */; };
		C8F279941535712A0036193E /* Common.m in Sources */ = {isa = PBXBuildFile; fileRef = C8F279931535712A0036193E /* Common.m */; };
		C8F27999153584550036193E /* AppDelegate_iPhone.m in Sources */ = {isa = PBXBuildFile; fileRef = C8F27996153584520036193E /* AppDelegate_iPhone.m */; };
		C8F2799A153584550036193E /* iPhoneTest.m in Sources */ = {isa = PBXBuildFile; fileRef = C8F27998153584540036193E /* iPhoneTest.m */; };
		C8F2799E153589B30036193E /* MainWindow_iPhone.xib in Resources */ = {isa = PBXBuildFile; fileRef = C8F2799D153589B20036193E /* MainWindow_iPhone.xib */; };
/* End PBXBuildFile section */

/* Begin PBXFileReference section */
		C82EF9831536FFD4002F2C55 /* Base64.h */ = {isa = PBXFileReference; fileEncoding = 4; lastKnownFileType = sourcecode.c.h; path = Base64.h; sourceTree = "<group>"; };
		C82EF9841536FFD4002F2C55 /* Base64.m */ = {isa = PBXFileReference; fileEncoding = 4; lastKnownFileType = sourcecode.c.objc; path = Base64.m; sourceTree = "<group>"; };
		C8D500D1153993DD00CD2CBE /* Cipher.h */ = {isa = PBXFileReference; fileEncoding = 4; lastKnownFileType = sourcecode.c.h; path = Cipher.h; sourceTree = "<group>"; };
		C8D500D2153993DD00CD2CBE /* Cipher.m */ = {isa = PBXFileReference; fileEncoding = 4; lastKnownFileType = sourcecode.c.objc; path = Cipher.m; sourceTree = "<group>"; };
		C8D5E6EB153C06B400BEEC60 /* README.md */ = {isa = PBXFileReference; fileEncoding = 4; lastKnownFileType = text; path = README.md; sourceTree = "<group>"; };
		C8F2795215355B580036193E /* PubNub.app */ = {isa = PBXFileReference; explicitFileType = wrapper.application; includeInIndex = 0; path = PubNub.app; sourceTree = BUILT_PRODUCTS_DIR; };
		C8F2795615355B580036193E /* UIKit.framework */ = {isa = PBXFileReference; lastKnownFileType = wrapper.framework; name = UIKit.framework; path = System/Library/Frameworks/UIKit.framework; sourceTree = SDKROOT; };
		C8F2795815355B580036193E /* Foundation.framework */ = {isa = PBXFileReference; lastKnownFileType = wrapper.framework; name = Foundation.framework; path = System/Library/Frameworks/Foundation.framework; sourceTree = SDKROOT; };
		C8F2795A15355B580036193E /* CoreGraphics.framework */ = {isa = PBXFileReference; lastKnownFileType = wrapper.framework; name = CoreGraphics.framework; path = System/Library/Frameworks/CoreGraphics.framework; sourceTree = SDKROOT; };
		C8F2795E15355B580036193E /* PubNub-Info.plist */ = {isa = PBXFileReference; lastKnownFileType = text.plist.xml; path = "PubNub-Info.plist"; sourceTree = "<group>"; };
		C8F2796015355B580036193E /* en */ = {isa = PBXFileReference; lastKnownFileType = text.plist.strings; name = en; path = en.lproj/InfoPlist.strings; sourceTree = "<group>"; };
		C8F2796215355B580036193E /* main.m */ = {isa = PBXFileReference; lastKnownFileType = sourcecode.c.objc; path = main.m; sourceTree = "<group>"; };
		C8F2796415355B580036193E /* PubNub-Prefix.pch */ = {isa = PBXFileReference; lastKnownFileType = sourcecode.c.h; path = "PubNub-Prefix.pch"; sourceTree = "<group>"; };
		C8F2797915355BBD0036193E /* JSONKit.h */ = {isa = PBXFileReference; fileEncoding = 4; lastKnownFileType = sourcecode.c.h; path = JSONKit.h; sourceTree = "<group>"; };
		C8F2797A15355BBD0036193E /* JSONKit.m */ = {isa = PBXFileReference; fileEncoding = 4; lastKnownFileType = sourcecode.c.objc; path = JSONKit.m; sourceTree = "<group>"; };
		C8F2797B15355BBD0036193E /* JSON.h */ = {isa = PBXFileReference; fileEncoding = 4; lastKnownFileType = sourcecode.c.h; path = JSON.h; sourceTree = "<group>"; };
		C8F2797C15355BBD0036193E /* JSON.m */ = {isa = PBXFileReference; fileEncoding = 4; lastKnownFileType = sourcecode.c.objc; path = JSON.m; sourceTree = "<group>"; };
		C8F2797F15355BBD0036193E /* CEPubnub.h */ = {isa = PBXFileReference; fileEncoding = 4; lastKnownFileType = sourcecode.c.h; lineEnding = 0; path = CEPubnub.h; sourceTree = "<group>"; xcLanguageSpecificationIdentifier = xcode.lang.objcpp; };
		C8F2798015355BBD0036193E /* CEPubnub.m */ = {isa = PBXFileReference; fileEncoding = 4; lastKnownFileType = sourcecode.c.objc; path = CEPubnub.m; sourceTree = "<group>"; };
		C8F279921535712A0036193E /* Common.h */ = {isa = PBXFileReference; fileEncoding = 4; lastKnownFileType = sourcecode.c.h; lineEnding = 0; path = Common.h; sourceTree = "<group>"; xcLanguageSpecificationIdentifier = xcode.lang.objcpp; };
		C8F279931535712A0036193E /* Common.m */ = {isa = PBXFileReference; fileEncoding = 4; lastKnownFileType = sourcecode.c.objc; lineEnding = 0; path = Common.m; sourceTree = "<group>"; xcLanguageSpecificationIdentifier = xcode.lang.objc; };
		C8F27995153584520036193E /* AppDelegate_iPhone.h */ = {isa = PBXFileReference; fileEncoding = 4; lastKnownFileType = sourcecode.c.h; lineEnding = 0; path = AppDelegate_iPhone.h; sourceTree = "<group>"; xcLanguageSpecificationIdentifier = xcode.lang.objcpp; };
		C8F27996153584520036193E /* AppDelegate_iPhone.m */ = {isa = PBXFileReference; fileEncoding = 4; lastKnownFileType = sourcecode.c.objc; lineEnding = 0; path = AppDelegate_iPhone.m; sourceTree = "<group>"; xcLanguageSpecificationIdentifier = xcode.lang.objc; };
		C8F27997153584530036193E /* iPhoneTest.h */ = {isa = PBXFileReference; fileEncoding = 4; lastKnownFileType = sourcecode.c.h; lineEnding = 0; path = iPhoneTest.h; sourceTree = "<group>"; xcLanguageSpecificationIdentifier = xcode.lang.objcpp; };
		C8F27998153584540036193E /* iPhoneTest.m */ = {isa = PBXFileReference; fileEncoding = 4; lastKnownFileType = sourcecode.c.objc; lineEnding = 0; path = iPhoneTest.m; sourceTree = "<group>"; xcLanguageSpecificationIdentifier = xcode.lang.objc; };
		C8F2799D153589B20036193E /* MainWindow_iPhone.xib */ = {isa = PBXFileReference; fileEncoding = 4; lastKnownFileType = file.xib; path = MainWindow_iPhone.xib; sourceTree = "<group>"; };
/* End PBXFileReference section */

/* Begin PBXFrameworksBuildPhase section */
		C8F2794F15355B580036193E /* Frameworks */ = {
			isa = PBXFrameworksBuildPhase;
			buildActionMask = 2147483647;
			files = (
				C8F2795715355B580036193E /* UIKit.framework in Frameworks */,
				C8F2795915355B580036193E /* Foundation.framework in Frameworks */,
				C8F2795B15355B580036193E /* CoreGraphics.framework in Frameworks */,
			);
			runOnlyForDeploymentPostprocessing = 0;
		};
/* End PBXFrameworksBuildPhase section */

/* Begin PBXGroup section */
		C8F2794715355B580036193E = {
			isa = PBXGroup;
			children = (
				C8F2795C15355B580036193E /* PubNub */,
				C8F2795515355B580036193E /* Frameworks */,
				C8F2795315355B580036193E /* Products */,
			);
			sourceTree = "<group>";
		};
		C8F2795315355B580036193E /* Products */ = {
			isa = PBXGroup;
			children = (
				C8F2795215355B580036193E /* PubNub.app */,
			);
			name = Products;
			sourceTree = "<group>";
		};
		C8F2795515355B580036193E /* Frameworks */ = {
			isa = PBXGroup;
			children = (
				C8F2795615355B580036193E /* UIKit.framework */,
				C8F2795815355B580036193E /* Foundation.framework */,
				C8F2795A15355B580036193E /* CoreGraphics.framework */,
			);
			name = Frameworks;
			sourceTree = "<group>";
		};
		C8F2795C15355B580036193E /* PubNub */ = {
			isa = PBXGroup;
			children = (
				C8D5E6EB153C06B400BEEC60 /* README.md */,
				C8F2799D153589B20036193E /* MainWindow_iPhone.xib */,
				C8F2797415355BBD0036193E /* PubNub */,
				C8F27996153584520036193E /* AppDelegate_iPhone.m */,
				C8F27995153584520036193E /* AppDelegate_iPhone.h */,
				C8F27997153584530036193E /* iPhoneTest.h */,
				C8F27998153584540036193E /* iPhoneTest.m */,
				C8F2795D15355B580036193E /* Supporting Files */,
			);
			name = PubNub;
			path = PubNub_NewAlt;
			sourceTree = "<group>";
		};
		C8F2795D15355B580036193E /* Supporting Files */ = {
			isa = PBXGroup;
			children = (
				C8F2795E15355B580036193E /* PubNub-Info.plist */,
				C8F2795F15355B580036193E /* InfoPlist.strings */,
				C8F2796215355B580036193E /* main.m */,
				C8F2796415355B580036193E /* PubNub-Prefix.pch */,
			);
			name = "Supporting Files";
			sourceTree = "<group>";
		};
		C8F2797415355BBD0036193E /* PubNub */ = {
			isa = PBXGroup;
			children = (
				C8D500D1153993DD00CD2CBE /* Cipher.h */,
				C8D500D2153993DD00CD2CBE /* Cipher.m */,
				C82EF9831536FFD4002F2C55 /* Base64.h */,
				C82EF9841536FFD4002F2C55 /* Base64.m */,
				C8F2797915355BBD0036193E /* JSONKit.h */,
				C8F2797A15355BBD0036193E /* JSONKit.m */,
				C8F2797B15355BBD0036193E /* JSON.h */,
				C8F2797C15355BBD0036193E /* JSON.m */,
				C8F2797F15355BBD0036193E /* CEPubnub.h */,
				C8F2798015355BBD0036193E /* CEPubnub.m */,
				C8F279921535712A0036193E /* Common.h */,
				C8F279931535712A0036193E /* Common.m */,
			);
			path = PubNub;
			sourceTree = "<group>";
		};
/* End PBXGroup section */

/* Begin PBXNativeTarget section */
		C8F2795115355B580036193E /* PubNub */ = {
			isa = PBXNativeTarget;
			buildConfigurationList = C8F2797015355B580036193E /* Build configuration list for PBXNativeTarget "PubNub" */;
			buildPhases = (
				C8F2794E15355B580036193E /* Sources */,
				C8F2794F15355B580036193E /* Frameworks */,
				C8F2795015355B580036193E /* Resources */,
			);
			buildRules = (
			);
			dependencies = (
			);
			name = PubNub;
			productName = PubNub_NewAlt;
			productReference = C8F2795215355B580036193E /* PubNub.app */;
			productType = "com.apple.product-type.application";
		};
/* End PBXNativeTarget section */

/* Begin PBXProject section */
		C8F2794915355B580036193E /* Project object */ = {
			isa = PBXProject;
			attributes = {
				LastUpgradeCheck = 0430;
			};
			buildConfigurationList = C8F2794C15355B580036193E /* Build configuration list for PBXProject "PubNub" */;
			compatibilityVersion = "Xcode 3.2";
			developmentRegion = English;
			hasScannedForEncodings = 0;
			knownRegions = (
				en,
			);
			mainGroup = C8F2794715355B580036193E;
			productRefGroup = C8F2795315355B580036193E /* Products */;
			projectDirPath = "";
			projectRoot = "";
			targets = (
				C8F2795115355B580036193E /* PubNub */,
			);
		};
/* End PBXProject section */

/* Begin PBXResourcesBuildPhase section */
		C8F2795015355B580036193E /* Resources */ = {
			isa = PBXResourcesBuildPhase;
			buildActionMask = 2147483647;
			files = (
				C8F2796115355B580036193E /* InfoPlist.strings in Resources */,
				C8F2799E153589B30036193E /* MainWindow_iPhone.xib in Resources */,
				C8D5E6EC153C06B400BEEC60 /* README.md in Resources */,
			);
			runOnlyForDeploymentPostprocessing = 0;
		};
/* End PBXResourcesBuildPhase section */

/* Begin PBXSourcesBuildPhase section */
		C8F2794E15355B580036193E /* Sources */ = {
			isa = PBXSourcesBuildPhase;
			buildActionMask = 2147483647;
			files = (
				C8F2796315355B580036193E /* main.m in Sources */,
				C8F2798315355BBD0036193E /* JSONKit.m in Sources */,
				C8F2798415355BBD0036193E /* JSON.m in Sources */,
				C8F2798615355BBD0036193E /* CEPubnub.m in Sources */,
				C8F279941535712A0036193E /* Common.m in Sources */,
				C8F27999153584550036193E /* AppDelegate_iPhone.m in Sources */,
				C8F2799A153584550036193E /* iPhoneTest.m in Sources */,
				C82EF9851536FFD4002F2C55 /* Base64.m in Sources */,
				C8D500D3153993DD00CD2CBE /* Cipher.m in Sources */,
			);
			runOnlyForDeploymentPostprocessing = 0;
		};
/* End PBXSourcesBuildPhase section */

/* Begin PBXVariantGroup section */
		C8F2795F15355B580036193E /* InfoPlist.strings */ = {
			isa = PBXVariantGroup;
			children = (
				C8F2796015355B580036193E /* en */,
			);
			name = InfoPlist.strings;
			sourceTree = "<group>";
		};
/* End PBXVariantGroup section */

/* Begin XCBuildConfiguration section */
		C8F2796E15355B580036193E /* Debug */ = {
			isa = XCBuildConfiguration;
			buildSettings = {
				ALWAYS_SEARCH_USER_PATHS = NO;
				ARCHS = "$(ARCHS_STANDARD_32_BIT)";
				CLANG_ENABLE_OBJC_ARC = YES;
				"CODE_SIGN_IDENTITY[sdk=iphoneos*]" = "iPhone Developer";
				COPY_PHASE_STRIP = NO;
				GCC_C_LANGUAGE_STANDARD = gnu99;
				GCC_DYNAMIC_NO_PIC = NO;
				GCC_OPTIMIZATION_LEVEL = 0;
				GCC_PREPROCESSOR_DEFINITIONS = (
					"DEBUG=1",
					"$(inherited)",
				);
				GCC_SYMBOLS_PRIVATE_EXTERN = NO;
				GCC_VERSION = com.apple.compilers.llvm.clang.1_0;
				GCC_WARN_ABOUT_RETURN_TYPE = YES;
				GCC_WARN_UNINITIALIZED_AUTOS = YES;
				GCC_WARN_UNUSED_VARIABLE = YES;
				IPHONEOS_DEPLOYMENT_TARGET = 4.0;
				SDKROOT = iphoneos;
			};
			name = Debug;
		};
		C8F2796F15355B580036193E /* Release */ = {
			isa = XCBuildConfiguration;
			buildSettings = {
				ALWAYS_SEARCH_USER_PATHS = NO;
				ARCHS = "$(ARCHS_STANDARD_32_BIT)";
				CLANG_ENABLE_OBJC_ARC = YES;
				"CODE_SIGN_IDENTITY[sdk=iphoneos*]" = "iPhone Developer";
				COPY_PHASE_STRIP = YES;
				GCC_C_LANGUAGE_STANDARD = gnu99;
				GCC_VERSION = com.apple.compilers.llvm.clang.1_0;
				GCC_WARN_ABOUT_RETURN_TYPE = YES;
				GCC_WARN_UNINITIALIZED_AUTOS = YES;
				GCC_WARN_UNUSED_VARIABLE = YES;
				IPHONEOS_DEPLOYMENT_TARGET = 4.0;
				OTHER_CFLAGS = "-DNS_BLOCK_ASSERTIONS=1";
				SDKROOT = iphoneos;
				VALIDATE_PRODUCT = YES;
			};
			name = Release;
		};
		C8F2797115355B580036193E /* Debug */ = {
			isa = XCBuildConfiguration;
			buildSettings = {
				CLANG_ENABLE_OBJC_ARC = NO;
				GCC_PRECOMPILE_PREFIX_HEADER = YES;
				GCC_PREFIX_HEADER = "PubNub_NewAlt/PubNub-Prefix.pch";
				INFOPLIST_FILE = "PubNub_NewAlt/PubNub-Info.plist";
				IPHONEOS_DEPLOYMENT_TARGET = 4.0;
				PRODUCT_NAME = PubNub;
				WRAPPER_EXTENSION = app;
			};
			name = Debug;
		};
		C8F2797215355B580036193E /* Release */ = {
			isa = XCBuildConfiguration;
			buildSettings = {
				CLANG_ENABLE_OBJC_ARC = NO;
				GCC_PRECOMPILE_PREFIX_HEADER = YES;
				GCC_PREFIX_HEADER = "PubNub_NewAlt/PubNub-Prefix.pch";
				INFOPLIST_FILE = "PubNub_NewAlt/PubNub-Info.plist";
				IPHONEOS_DEPLOYMENT_TARGET = 4.0;
				PRODUCT_NAME = PubNub;
				WRAPPER_EXTENSION = app;
			};
			name = Release;
		};
/* End XCBuildConfiguration section */

/* Begin XCConfigurationList section */
		C8F2794C15355B580036193E /* Build configuration list for PBXProject "PubNub" */ = {
			isa = XCConfigurationList;
			buildConfigurations = (
				C8F2796E15355B580036193E /* Debug */,
				C8F2796F15355B580036193E /* Release */,
			);
			defaultConfigurationIsVisible = 0;
			defaultConfigurationName = Release;
		};
		C8F2797015355B580036193E /* Build configuration list for PBXNativeTarget "PubNub" */ = {
			isa = XCConfigurationList;
			buildConfigurations = (
				C8F2797115355B580036193E /* Debug */,
				C8F2797215355B580036193E /* Release */,
			);
			defaultConfigurationIsVisible = 0;
			defaultConfigurationName = Release;
		};
/* End XCConfigurationList section */
	};
	rootObject = C8F2794915355B580036193E /* Project object */;
}
