
Microsoft Visual Studio Solution File, Format Version 11.00
# Visual Studio 2010
Project("{FAE04EC0-301F-11D3-BF4B-00C04F79EFBC}") = "PubNub-Messaging", "PubNub-Messaging\PubNub-Messaging.csproj", "{B1ED98C3-FD0B-4B45-B0BE-40AFD37182CB}"
EndProject
Project("{FAE04EC0-301F-11D3-BF4B-00C04F79EFBC}") = "PubNub-Messaging.Tests", "PubNub-Messaging.Tests\PubNub-Messaging.Tests.csproj", "{BD61C09A-BE66-466F-B9A6-F58BEC59E21B}"
EndProject
Global
	GlobalSection(SolutionConfigurationPlatforms) = preSolution
		Debug|Any CPU = Debug|Any CPU
		Debug|Mixed Platforms = Debug|Mixed Platforms
		Debug|x86 = Debug|x86
		Release|Any CPU = Release|Any CPU
		Release|Mixed Platforms = Release|Mixed Platforms
		Release|x86 = Release|x86
	EndGlobalSection
	GlobalSection(ProjectConfigurationPlatforms) = postSolution
		{B1ED98C3-FD0B-4B45-B0BE-40AFD37182CB}.Debug|Any CPU.ActiveCfg = Debug|Any CPU
		{B1ED98C3-FD0B-4B45-B0BE-40AFD37182CB}.Debug|Any CPU.Build.0 = Debug|Any CPU
		{B1ED98C3-FD0B-4B45-B0BE-40AFD37182CB}.Debug|Mixed Platforms.ActiveCfg = Debug|Any CPU
		{B1ED98C3-FD0B-4B45-B0BE-40AFD37182CB}.Debug|Mixed Platforms.Build.0 = Debug|Any CPU
		{B1ED98C3-FD0B-4B45-B0BE-40AFD37182CB}.Debug|x86.ActiveCfg = Debug|x86
		{B1ED98C3-FD0B-4B45-B0BE-40AFD37182CB}.Debug|x86.Build.0 = Debug|x86
		{B1ED98C3-FD0B-4B45-B0BE-40AFD37182CB}.Release|Any CPU.ActiveCfg = Release|Any CPU
		{B1ED98C3-FD0B-4B45-B0BE-40AFD37182CB}.Release|Any CPU.Build.0 = Release|Any CPU
		{B1ED98C3-FD0B-4B45-B0BE-40AFD37182CB}.Release|Mixed Platforms.ActiveCfg = Release|Any CPU
		{B1ED98C3-FD0B-4B45-B0BE-40AFD37182CB}.Release|Mixed Platforms.Build.0 = Release|Any CPU
		{B1ED98C3-FD0B-4B45-B0BE-40AFD37182CB}.Release|x86.ActiveCfg = Release|x86
		{B1ED98C3-FD0B-4B45-B0BE-40AFD37182CB}.Release|x86.Build.0 = Release|x86
		{BD61C09A-BE66-466F-B9A6-F58BEC59E21B}.Debug|Any CPU.ActiveCfg = Debug|Any CPU
		{BD61C09A-BE66-466F-B9A6-F58BEC59E21B}.Debug|Mixed Platforms.ActiveCfg = Debug|Any CPU
		{BD61C09A-BE66-466F-B9A6-F58BEC59E21B}.Debug|Mixed Platforms.Build.0 = Debug|Any CPU
		{BD61C09A-BE66-466F-B9A6-F58BEC59E21B}.Debug|x86.ActiveCfg = Debug|Any CPU
		{BD61C09A-BE66-466F-B9A6-F58BEC59E21B}.Release|Any CPU.ActiveCfg = Release|Any CPU
		{BD61C09A-BE66-466F-B9A6-F58BEC59E21B}.Release|Any CPU.Build.0 = Release|Any CPU
		{BD61C09A-BE66-466F-B9A6-F58BEC59E21B}.Release|Mixed Platforms.ActiveCfg = Release|Any CPU
		{BD61C09A-BE66-466F-B9A6-F58BEC59E21B}.Release|Mixed Platforms.Build.0 = Release|Any CPU
		{BD61C09A-BE66-466F-B9A6-F58BEC59E21B}.Release|x86.ActiveCfg = Release|Any CPU
	EndGlobalSection
	GlobalSection(SolutionProperties) = preSolution
		HideSolutionNode = FALSE
	EndGlobalSection
EndGlobal
