
Microsoft Visual Studio Solution File, Format Version 11.00
# Visual Studio 2010
Project("{FAE04EC0-301F-11D3-BF4B-00C04F79EFBC}") = "PubnubSilverlight.Example", "PubnubSilverlight.Example\PubnubSilverlight.Example.csproj", "{FC8C4396-43E2-4C43-AA56-7F0A54F6F1DB}"
EndProject
Project("{FAE04EC0-301F-11D3-BF4B-00C04F79EFBC}") = "PubnubSilverlight.Web", "PubnubSilverlight.Example.Web\PubnubSilverlight.Web.csproj", "{769D0679-D435-48AC-87B8-470A53543260}"
EndProject
Project("{FAE04EC0-301F-11D3-BF4B-00C04F79EFBC}") = "PubnubSilverlight.Core", "PubnubSilverlight.Core\PubnubSilverlight.Core.csproj", "{07A7088C-ADF8-4F16-A787-F6D2B456F78A}"
EndProject
Project("{FAE04EC0-301F-11D3-BF4B-00C04F79EFBC}") = "PubnubSilverlight.UnitTest", "PubnubSilverlight.UnitTest\PubnubSilverlight.UnitTest.csproj", "{0FEA41D7-2227-44D8-943D-E57152F6BDE8}"
EndProject
Project("{FAE04EC0-301F-11D3-BF4B-00C04F79EFBC}") = "PubnubSilverlight.Imports", "PubnubSilverlight.Imports\PubnubSilverlight.Imports.csproj", "{E1D46FA4-FAD3-4B4C-8959-3A360F8CD66F}"
EndProject
Project("{FAE04EC0-301F-11D3-BF4B-00C04F79EFBC}") = "PubNub-Messaging", "PubNub-Messaging\PubNub-Messaging.csproj", "{B1ED98C3-FD0B-4B45-B0BE-40AFD37182CB}"
EndProject
Project("{FAE04EC0-301F-11D3-BF4B-00C04F79EFBC}") = "PubNub-Messaging.Tests", "PubNub-Messaging.Tests\PubNub-Messaging.Tests.csproj", "{9507724F-DEC3-452B-AC58-45A8DA05EC68}"
EndProject
Project("{FAE04EC0-301F-11D3-BF4B-00C04F79EFBC}") = "PubNubMeter.Core", "PubNubMeter.Core\PubNubMeter.Core.csproj", "{9AED8F9D-4694-4649-96FD-9B9EE492A4FC}"
EndProject
Global
	GlobalSection(SolutionConfigurationPlatforms) = preSolution
		Debug|Any CPU = Debug|Any CPU
		Debug|Mixed Platforms = Debug|Mixed Platforms
		Debug|x86 = Debug|x86
		Release|Any CPU = Release|Any CPU
		Release|Mixed Platforms = Release|Mixed Platforms
		Release|x86 = Release|x86
	EndGlobalSection
	GlobalSection(ProjectConfigurationPlatforms) = postSolution
		{FC8C4396-43E2-4C43-AA56-7F0A54F6F1DB}.Debug|Any CPU.ActiveCfg = Debug|Any CPU
		{FC8C4396-43E2-4C43-AA56-7F0A54F6F1DB}.Debug|Any CPU.Build.0 = Debug|Any CPU
		{FC8C4396-43E2-4C43-AA56-7F0A54F6F1DB}.Debug|Mixed Platforms.ActiveCfg = Debug|Any CPU
		{FC8C4396-43E2-4C43-AA56-7F0A54F6F1DB}.Debug|Mixed Platforms.Build.0 = Debug|Any CPU
		{FC8C4396-43E2-4C43-AA56-7F0A54F6F1DB}.Debug|x86.ActiveCfg = Debug|Any CPU
		{FC8C4396-43E2-4C43-AA56-7F0A54F6F1DB}.Release|Any CPU.ActiveCfg = Release|Any CPU
		{FC8C4396-43E2-4C43-AA56-7F0A54F6F1DB}.Release|Any CPU.Build.0 = Release|Any CPU
		{FC8C4396-43E2-4C43-AA56-7F0A54F6F1DB}.Release|Mixed Platforms.ActiveCfg = Release|Any CPU
		{FC8C4396-43E2-4C43-AA56-7F0A54F6F1DB}.Release|Mixed Platforms.Build.0 = Release|Any CPU
		{FC8C4396-43E2-4C43-AA56-7F0A54F6F1DB}.Release|x86.ActiveCfg = Release|Any CPU
		{769D0679-D435-48AC-87B8-470A53543260}.Debug|Any CPU.ActiveCfg = Debug|Any CPU
		{769D0679-D435-48AC-87B8-470A53543260}.Debug|Any CPU.Build.0 = Debug|Any CPU
		{769D0679-D435-48AC-87B8-470A53543260}.Debug|Mixed Platforms.ActiveCfg = Debug|Any CPU
		{769D0679-D435-48AC-87B8-470A53543260}.Debug|Mixed Platforms.Build.0 = Debug|Any CPU
		{769D0679-D435-48AC-87B8-470A53543260}.Debug|x86.ActiveCfg = Debug|Any CPU
		{769D0679-D435-48AC-87B8-470A53543260}.Release|Any CPU.ActiveCfg = Release|Any CPU
		{769D0679-D435-48AC-87B8-470A53543260}.Release|Any CPU.Build.0 = Release|Any CPU
		{769D0679-D435-48AC-87B8-470A53543260}.Release|Mixed Platforms.ActiveCfg = Release|Any CPU
		{769D0679-D435-48AC-87B8-470A53543260}.Release|Mixed Platforms.Build.0 = Release|Any CPU
		{769D0679-D435-48AC-87B8-470A53543260}.Release|x86.ActiveCfg = Release|Any CPU
		{07A7088C-ADF8-4F16-A787-F6D2B456F78A}.Debug|Any CPU.ActiveCfg = Debug|Any CPU
		{07A7088C-ADF8-4F16-A787-F6D2B456F78A}.Debug|Any CPU.Build.0 = Debug|Any CPU
		{07A7088C-ADF8-4F16-A787-F6D2B456F78A}.Debug|Mixed Platforms.ActiveCfg = Debug|Any CPU
		{07A7088C-ADF8-4F16-A787-F6D2B456F78A}.Debug|Mixed Platforms.Build.0 = Debug|Any CPU
		{07A7088C-ADF8-4F16-A787-F6D2B456F78A}.Debug|x86.ActiveCfg = Debug|Any CPU
		{07A7088C-ADF8-4F16-A787-F6D2B456F78A}.Release|Any CPU.ActiveCfg = Release|Any CPU
		{07A7088C-ADF8-4F16-A787-F6D2B456F78A}.Release|Any CPU.Build.0 = Release|Any CPU
		{07A7088C-ADF8-4F16-A787-F6D2B456F78A}.Release|Mixed Platforms.ActiveCfg = Release|Any CPU
		{07A7088C-ADF8-4F16-A787-F6D2B456F78A}.Release|Mixed Platforms.Build.0 = Release|Any CPU
		{07A7088C-ADF8-4F16-A787-F6D2B456F78A}.Release|x86.ActiveCfg = Release|Any CPU
		{0FEA41D7-2227-44D8-943D-E57152F6BDE8}.Debug|Any CPU.ActiveCfg = Debug|Any CPU
		{0FEA41D7-2227-44D8-943D-E57152F6BDE8}.Debug|Any CPU.Build.0 = Debug|Any CPU
		{0FEA41D7-2227-44D8-943D-E57152F6BDE8}.Debug|Mixed Platforms.ActiveCfg = Debug|Any CPU
		{0FEA41D7-2227-44D8-943D-E57152F6BDE8}.Debug|Mixed Platforms.Build.0 = Debug|Any CPU
		{0FEA41D7-2227-44D8-943D-E57152F6BDE8}.Debug|x86.ActiveCfg = Debug|Any CPU
		{0FEA41D7-2227-44D8-943D-E57152F6BDE8}.Release|Any CPU.ActiveCfg = Release|Any CPU
		{0FEA41D7-2227-44D8-943D-E57152F6BDE8}.Release|Any CPU.Build.0 = Release|Any CPU
		{0FEA41D7-2227-44D8-943D-E57152F6BDE8}.Release|Mixed Platforms.ActiveCfg = Release|Any CPU
		{0FEA41D7-2227-44D8-943D-E57152F6BDE8}.Release|Mixed Platforms.Build.0 = Release|Any CPU
		{0FEA41D7-2227-44D8-943D-E57152F6BDE8}.Release|x86.ActiveCfg = Release|Any CPU
		{E1D46FA4-FAD3-4B4C-8959-3A360F8CD66F}.Debug|Any CPU.ActiveCfg = Debug|Any CPU
		{E1D46FA4-FAD3-4B4C-8959-3A360F8CD66F}.Debug|Any CPU.Build.0 = Debug|Any CPU
		{E1D46FA4-FAD3-4B4C-8959-3A360F8CD66F}.Debug|Mixed Platforms.ActiveCfg = Debug|Any CPU
		{E1D46FA4-FAD3-4B4C-8959-3A360F8CD66F}.Debug|Mixed Platforms.Build.0 = Debug|Any CPU
		{E1D46FA4-FAD3-4B4C-8959-3A360F8CD66F}.Debug|x86.ActiveCfg = Debug|Any CPU
		{E1D46FA4-FAD3-4B4C-8959-3A360F8CD66F}.Release|Any CPU.ActiveCfg = Release|Any CPU
		{E1D46FA4-FAD3-4B4C-8959-3A360F8CD66F}.Release|Any CPU.Build.0 = Release|Any CPU
		{E1D46FA4-FAD3-4B4C-8959-3A360F8CD66F}.Release|Mixed Platforms.ActiveCfg = Release|Any CPU
		{E1D46FA4-FAD3-4B4C-8959-3A360F8CD66F}.Release|Mixed Platforms.Build.0 = Release|Any CPU
		{E1D46FA4-FAD3-4B4C-8959-3A360F8CD66F}.Release|x86.ActiveCfg = Release|Any CPU
		{B1ED98C3-FD0B-4B45-B0BE-40AFD37182CB}.Debug|Any CPU.ActiveCfg = Debug|x86
		{B1ED98C3-FD0B-4B45-B0BE-40AFD37182CB}.Debug|Mixed Platforms.ActiveCfg = Debug|x86
		{B1ED98C3-FD0B-4B45-B0BE-40AFD37182CB}.Debug|Mixed Platforms.Build.0 = Debug|x86
		{B1ED98C3-FD0B-4B45-B0BE-40AFD37182CB}.Debug|x86.ActiveCfg = Debug|x86
		{B1ED98C3-FD0B-4B45-B0BE-40AFD37182CB}.Debug|x86.Build.0 = Debug|x86
		{B1ED98C3-FD0B-4B45-B0BE-40AFD37182CB}.Release|Any CPU.ActiveCfg = Release|x86
		{B1ED98C3-FD0B-4B45-B0BE-40AFD37182CB}.Release|Mixed Platforms.ActiveCfg = Release|x86
		{B1ED98C3-FD0B-4B45-B0BE-40AFD37182CB}.Release|Mixed Platforms.Build.0 = Release|x86
		{B1ED98C3-FD0B-4B45-B0BE-40AFD37182CB}.Release|x86.ActiveCfg = Release|x86
		{B1ED98C3-FD0B-4B45-B0BE-40AFD37182CB}.Release|x86.Build.0 = Release|x86
		{9507724F-DEC3-452B-AC58-45A8DA05EC68}.Debug|Any CPU.ActiveCfg = Debug|Any CPU
		{9507724F-DEC3-452B-AC58-45A8DA05EC68}.Debug|Any CPU.Build.0 = Debug|Any CPU
		{9507724F-DEC3-452B-AC58-45A8DA05EC68}.Debug|Mixed Platforms.ActiveCfg = Debug|Any CPU
		{9507724F-DEC3-452B-AC58-45A8DA05EC68}.Debug|Mixed Platforms.Build.0 = Debug|Any CPU
		{9507724F-DEC3-452B-AC58-45A8DA05EC68}.Debug|x86.ActiveCfg = Debug|Any CPU
		{9507724F-DEC3-452B-AC58-45A8DA05EC68}.Release|Any CPU.ActiveCfg = Release|Any CPU
		{9507724F-DEC3-452B-AC58-45A8DA05EC68}.Release|Any CPU.Build.0 = Release|Any CPU
		{9507724F-DEC3-452B-AC58-45A8DA05EC68}.Release|Mixed Platforms.ActiveCfg = Release|Any CPU
		{9507724F-DEC3-452B-AC58-45A8DA05EC68}.Release|Mixed Platforms.Build.0 = Release|Any CPU
		{9507724F-DEC3-452B-AC58-45A8DA05EC68}.Release|x86.ActiveCfg = Release|Any CPU
		{9AED8F9D-4694-4649-96FD-9B9EE492A4FC}.Debug|Any CPU.ActiveCfg = Debug|Any CPU
		{9AED8F9D-4694-4649-96FD-9B9EE492A4FC}.Debug|Any CPU.Build.0 = Debug|Any CPU
		{9AED8F9D-4694-4649-96FD-9B9EE492A4FC}.Debug|Mixed Platforms.ActiveCfg = Debug|Any CPU
		{9AED8F9D-4694-4649-96FD-9B9EE492A4FC}.Debug|Mixed Platforms.Build.0 = Debug|Any CPU
		{9AED8F9D-4694-4649-96FD-9B9EE492A4FC}.Debug|x86.ActiveCfg = Debug|Any CPU
		{9AED8F9D-4694-4649-96FD-9B9EE492A4FC}.Release|Any CPU.ActiveCfg = Release|Any CPU
		{9AED8F9D-4694-4649-96FD-9B9EE492A4FC}.Release|Any CPU.Build.0 = Release|Any CPU
		{9AED8F9D-4694-4649-96FD-9B9EE492A4FC}.Release|Mixed Platforms.ActiveCfg = Release|Any CPU
		{9AED8F9D-4694-4649-96FD-9B9EE492A4FC}.Release|Mixed Platforms.Build.0 = Release|Any CPU
		{9AED8F9D-4694-4649-96FD-9B9EE492A4FC}.Release|x86.ActiveCfg = Release|Any CPU
	EndGlobalSection
	GlobalSection(SolutionProperties) = preSolution
		HideSolutionNode = FALSE
	EndGlobalSection
EndGlobal
