
Microsoft Visual Studio Solution File, Format Version 11.00
# Visual Studio 2010
Project("{FAE04EC0-301F-11D3-BF4B-00C04F79EFBC}") = "Andr.Unit", "Andr.Unit\Andr.Unit.csproj", "{47673BC8-F954-4304-9472-2773AA5A94EB}"
EndProject
Project("{FAE04EC0-301F-11D3-BF4B-00C04F79EFBC}") = "MonoDroid.Dialog", "..\MonoDroid.Dialog\MonoDroid.Dialog\MonoDroid.Dialog.csproj", "{33044C7B-47A4-4113-A61A-EB429407F818}"
EndProject
Project("{FAE04EC0-301F-11D3-BF4B-00C04F79EFBC}") = "Android.NUnitLite", "Android.NUnitLite\Android.NUnitLite.csproj", "{6A005891-A3D6-4398-A729-F645397D573A}"
EndProject
Project("{FAE04EC0-301F-11D3-BF4B-00C04F79EFBC}") = "m4a.tests", "m4a.tests\m4a.tests.csproj", "{06D00E82-E637-4A8A-95BE-3E1ADE925B9B}"
EndProject
Global
	GlobalSection(SolutionConfigurationPlatforms) = preSolution
		Debug|Any CPU = Debug|Any CPU
		Release|Any CPU = Release|Any CPU
	EndGlobalSection
	GlobalSection(ProjectConfigurationPlatforms) = postSolution
		{06D00E82-E637-4A8A-95BE-3E1ADE925B9B}.Debug|Any CPU.ActiveCfg = Debug|Any CPU
		{06D00E82-E637-4A8A-95BE-3E1ADE925B9B}.Debug|Any CPU.Build.0 = Debug|Any CPU
		{06D00E82-E637-4A8A-95BE-3E1ADE925B9B}.Release|Any CPU.ActiveCfg = Release|Any CPU
		{06D00E82-E637-4A8A-95BE-3E1ADE925B9B}.Release|Any CPU.Build.0 = Release|Any CPU
		{33044C7B-47A4-4113-A61A-EB429407F818}.Debug|Any CPU.ActiveCfg = Debug|Any CPU
		{33044C7B-47A4-4113-A61A-EB429407F818}.Debug|Any CPU.Build.0 = Debug|Any CPU
		{33044C7B-47A4-4113-A61A-EB429407F818}.Release|Any CPU.ActiveCfg = Release|Any CPU
		{33044C7B-47A4-4113-A61A-EB429407F818}.Release|Any CPU.Build.0 = Release|Any CPU
		{47673BC8-F954-4304-9472-2773AA5A94EB}.Debug|Any CPU.ActiveCfg = Debug|Any CPU
		{47673BC8-F954-4304-9472-2773AA5A94EB}.Debug|Any CPU.Build.0 = Debug|Any CPU
		{47673BC8-F954-4304-9472-2773AA5A94EB}.Release|Any CPU.ActiveCfg = Release|Any CPU
		{47673BC8-F954-4304-9472-2773AA5A94EB}.Release|Any CPU.Build.0 = Release|Any CPU
		{6A005891-A3D6-4398-A729-F645397D573A}.Debug|Any CPU.ActiveCfg = Debug|Any CPU
		{6A005891-A3D6-4398-A729-F645397D573A}.Debug|Any CPU.Build.0 = Debug|Any CPU
		{6A005891-A3D6-4398-A729-F645397D573A}.Release|Any CPU.ActiveCfg = Release|Any CPU
		{6A005891-A3D6-4398-A729-F645397D573A}.Release|Any CPU.Build.0 = Release|Any CPU
	EndGlobalSection
	GlobalSection(MonoDevelopProperties) = preSolution
		StartupItem = Andr.Unit\Andr.Unit.csproj
	EndGlobalSection
EndGlobal
