// !$*UTF8*$!
{
	archiveVersion = 1;
	classes = {
	};
	objectVersion = 46;
	objects = {

/* Begin PBXBuildFile section */
		C8A466EF162FE06B003DDAA6 /* Cocoa.framework in Frameworks */ = {isa = PBXBuildFile; fileRef = C8A466EE162FE06B003DDAA6 /* Cocoa.framework */; };
		C8A466F9162FE06B003DDAA6 /* InfoPlist.strings in Resources */ = {isa = PBXBuildFile; fileRef = C8A466F7162FE06B003DDAA6 /* InfoPlist.strings */; };
		C8A466FB162FE06B003DDAA6 /* main.m in Sources */ = {isa = PBXBuildFile; fileRef = C8A466FA162FE06B003DDAA6 /* main.m */; };
		C8A466FF162FE06B003DDAA6 /* Credits.rtf in Resources */ = {isa = PBXBuildFile; fileRef = C8A466FD162FE06B003DDAA6 /* Credits.rtf */; };
		C8A46702162FE06C003DDAA6 /* AppDelegate.m in Sources */ = {isa = PBXBuildFile; fileRef = C8A46701162FE06C003DDAA6 /* AppDelegate.m */; };
		C8A46705162FE06C003DDAA6 /* MainMenu.xib in Resources */ = {isa = PBXBuildFile; fileRef = C8A46703162FE06C003DDAA6 /* MainMenu.xib */; };
		C8A4671D162FE311003DDAA6 /* JSON.m in Sources */ = {isa = PBXBuildFile; fileRef = C8A4670F162FE311003DDAA6 /* JSON.m */; settings = {COMPILER_FLAGS = "-fno-objc-arc"; }; };
		C8A4671E162FE311003DDAA6 /* JSONKit.m in Sources */ = {isa = PBXBuildFile; fileRef = C8A46711162FE311003DDAA6 /* JSONKit.m */; settings = {COMPILER_FLAGS = "-fno-objc-arc"; }; };
		C8A4671F162FE311003DDAA6 /* pubnub.m in Sources */ = {isa = PBXBuildFile; fileRef = C8A46713162FE311003DDAA6 /* pubnub.m */; };
		C8A46720162FE311003DDAA6 /* request.m in Sources */ = {isa = PBXBuildFile; fileRef = C8A46715162FE311003DDAA6 /* request.m */; };
		C8A46721162FE311003DDAA6 /* DetailedHistoryUnitTest.m in Sources */ = {isa = PBXBuildFile; fileRef = C8A46718162FE311003DDAA6 /* DetailedHistoryUnitTest.m */; };
		C8A46722162FE311003DDAA6 /* UnsubcribeUnitTest.m in Sources */ = {isa = PBXBuildFile; fileRef = C8A4671A162FE311003DDAA6 /* UnsubcribeUnitTest.m */; };
		C8A46726162FE57B003DDAA6 /* CL_223.m in Sources */ = {isa = PBXBuildFile; fileRef = C8A46725162FE57B003DDAA6 /* CL_223.m */; };
		C8A46729162FE5D7003DDAA6 /* CommonUtil.m in Sources */ = {isa = PBXBuildFile; fileRef = C8A46728162FE5D7003DDAA6 /* CommonUtil.m */; };
		C8BA022C16317D8F00DAE577 /* Catch_Up_UnitTest.m in Sources */ = {isa = PBXBuildFile; fileRef = C8BA022B16317D8F00DAE577 /* Catch_Up_UnitTest.m */; };
/* End PBXBuildFile section */

/* Begin PBXFileReference section */
		C8A466EA162FE06B003DDAA6 /* CocoaPubnubTest.app */ = {isa = PBXFileReference; explicitFileType = wrapper.application; includeInIndex = 0; path = CocoaPubnubTest.app; sourceTree = BUILT_PRODUCTS_DIR; };
		C8A466EE162FE06B003DDAA6 /* Cocoa.framework */ = {isa = PBXFileReference; lastKnownFileType = wrapper.framework; name = Cocoa.framework; path = System/Library/Frameworks/Cocoa.framework; sourceTree = SDKROOT; };
		C8A466F1162FE06B003DDAA6 /* AppKit.framework */ = {isa = PBXFileReference; lastKnownFileType = wrapper.framework; name = AppKit.framework; path = System/Library/Frameworks/AppKit.framework; sourceTree = SDKROOT; };
		C8A466F2162FE06B003DDAA6 /* CoreData.framework */ = {isa = PBXFileReference; lastKnownFileType = wrapper.framework; name = CoreData.framework; path = System/Library/Frameworks/CoreData.framework; sourceTree = SDKROOT; };
		C8A466F3162FE06B003DDAA6 /* Foundation.framework */ = {isa = PBXFileReference; lastKnownFileType = wrapper.framework; name = Foundation.framework; path = System/Library/Frameworks/Foundation.framework; sourceTree = SDKROOT; };
		C8A466F6162FE06B003DDAA6 /* CocoaPubnubTest-Info.plist */ = {isa = PBXFileReference; lastKnownFileType = text.plist.xml; path = "CocoaPubnubTest-Info.plist"; sourceTree = "<group>"; };
		C8A466F8162FE06B003DDAA6 /* en */ = {isa = PBXFileReference; lastKnownFileType = text.plist.strings; name = en; path = en.lproj/InfoPlist.strings; sourceTree = "<group>"; };
		C8A466FA162FE06B003DDAA6 /* main.m */ = {isa = PBXFileReference; lastKnownFileType = sourcecode.c.objc; path = main.m; sourceTree = "<group>"; };
		C8A466FC162FE06B003DDAA6 /* CocoaPubnubTest-Prefix.pch */ = {isa = PBXFileReference; lastKnownFileType = sourcecode.c.h; path = "CocoaPubnubTest-Prefix.pch"; sourceTree = "<group>"; };
		C8A466FE162FE06B003DDAA6 /* en */ = {isa = PBXFileReference; lastKnownFileType = text.rtf; name = en; path = en.lproj/Credits.rtf; sourceTree = "<group>"; };
		C8A46700162FE06C003DDAA6 /* AppDelegate.h */ = {isa = PBXFileReference; lastKnownFileType = sourcecode.c.h; path = AppDelegate.h; sourceTree = "<group>"; };
		C8A46701162FE06C003DDAA6 /* AppDelegate.m */ = {isa = PBXFileReference; lastKnownFileType = sourcecode.c.objc; path = AppDelegate.m; sourceTree = "<group>"; };
		C8A46704162FE06C003DDAA6 /* en */ = {isa = PBXFileReference; lastKnownFileType = file.xib; name = en; path = en.lproj/MainMenu.xib; sourceTree = "<group>"; };
		C8A4670E162FE311003DDAA6 /* JSON.h */ = {isa = PBXFileReference; fileEncoding = 4; lastKnownFileType = sourcecode.c.h; path = JSON.h; sourceTree = "<group>"; };
		C8A4670F162FE311003DDAA6 /* JSON.m */ = {isa = PBXFileReference; fileEncoding = 4; lastKnownFileType = sourcecode.c.objc; path = JSON.m; sourceTree = "<group>"; };
		C8A46710162FE311003DDAA6 /* JSONKit.h */ = {isa = PBXFileReference; fileEncoding = 4; lastKnownFileType = sourcecode.c.h; path = JSONKit.h; sourceTree = "<group>"; };
		C8A46711162FE311003DDAA6 /* JSONKit.m */ = {isa = PBXFileReference; fileEncoding = 4; lastKnownFileType = sourcecode.c.objc; path = JSONKit.m; sourceTree = "<group>"; };
		C8A46712162FE311003DDAA6 /* pubnub.h */ = {isa = PBXFileReference; fileEncoding = 4; lastKnownFileType = sourcecode.c.h; path = pubnub.h; sourceTree = "<group>"; };
		C8A46713162FE311003DDAA6 /* pubnub.m */ = {isa = PBXFileReference; fileEncoding = 4; lastKnownFileType = sourcecode.c.objc; path = pubnub.m; sourceTree = "<group>"; };
		C8A46714162FE311003DDAA6 /* request.h */ = {isa = PBXFileReference; fileEncoding = 4; lastKnownFileType = sourcecode.c.h; path = request.h; sourceTree = "<group>"; };
		C8A46715162FE311003DDAA6 /* request.m */ = {isa = PBXFileReference; fileEncoding = 4; lastKnownFileType = sourcecode.c.objc; path = request.m; sourceTree = "<group>"; };
		C8A46717162FE311003DDAA6 /* DetailedHistoryUnitTest.h */ = {isa = PBXFileReference; fileEncoding = 4; lastKnownFileType = sourcecode.c.h; path = DetailedHistoryUnitTest.h; sourceTree = "<group>"; };
		C8A46718162FE311003DDAA6 /* DetailedHistoryUnitTest.m */ = {isa = PBXFileReference; fileEncoding = 4; lastKnownFileType = sourcecode.c.objc; path = DetailedHistoryUnitTest.m; sourceTree = "<group>"; };
		C8A46719162FE311003DDAA6 /* UnsubcribeUnitTest.h */ = {isa = PBXFileReference; fileEncoding = 4; lastKnownFileType = sourcecode.c.h; path = UnsubcribeUnitTest.h; sourceTree = "<group>"; };
		C8A4671A162FE311003DDAA6 /* UnsubcribeUnitTest.m */ = {isa = PBXFileReference; fileEncoding = 4; lastKnownFileType = sourcecode.c.objc; path = UnsubcribeUnitTest.m; sourceTree = "<group>"; };
		C8A46724162FE57B003DDAA6 /* CL_223.h */ = {isa = PBXFileReference; fileEncoding = 4; lastKnownFileType = sourcecode.c.h; path = CL_223.h; sourceTree = "<group>"; };
		C8A46725162FE57B003DDAA6 /* CL_223.m */ = {isa = PBXFileReference; fileEncoding = 4; lastKnownFileType = sourcecode.c.objc; path = CL_223.m; sourceTree = "<group>"; };
		C8A46727162FE5D7003DDAA6 /* CommonUtil.h */ = {isa = PBXFileReference; fileEncoding = 4; lastKnownFileType = sourcecode.c.h; path = CommonUtil.h; sourceTree = "<group>"; };
		C8A46728162FE5D7003DDAA6 /* CommonUtil.m */ = {isa = PBXFileReference; fileEncoding = 4; lastKnownFileType = sourcecode.c.objc; path = CommonUtil.m; sourceTree = "<group>"; };
		C8BA022A16317D8F00DAE577 /* Catch_Up_UnitTest.h */ = {isa = PBXFileReference; fileEncoding = 4; lastKnownFileType = sourcecode.c.h; path = Catch_Up_UnitTest.h; sourceTree = "<group>"; };
		C8BA022B16317D8F00DAE577 /* Catch_Up_UnitTest.m */ = {isa = PBXFileReference; fileEncoding = 4; lastKnownFileType = sourcecode.c.objc; path = Catch_Up_UnitTest.m; sourceTree = "<group>"; };
/* End PBXFileReference section */

/* Begin PBXFrameworksBuildPhase section */
		C8A466E7162FE06B003DDAA6 /* Frameworks */ = {
			isa = PBXFrameworksBuildPhase;
			buildActionMask = 2147483647;
			files = (
				C8A466EF162FE06B003DDAA6 /* Cocoa.framework in Frameworks */,
			);
			runOnlyForDeploymentPostprocessing = 0;
		};
/* End PBXFrameworksBuildPhase section */

/* Begin PBXGroup section */
		C8A466DF162FE06B003DDAA6 = {
			isa = PBXGroup;
			children = (
				C8A466F4162FE06B003DDAA6 /* CocoaPubnubTest */,
				C8A466ED162FE06B003DDAA6 /* Frameworks */,
				C8A466EB162FE06B003DDAA6 /* Products */,
			);
			sourceTree = "<group>";
		};
		C8A466EB162FE06B003DDAA6 /* Products */ = {
			isa = PBXGroup;
			children = (
				C8A466EA162FE06B003DDAA6 /* CocoaPubnubTest.app */,
			);
			name = Products;
			sourceTree = "<group>";
		};
		C8A466ED162FE06B003DDAA6 /* Frameworks */ = {
			isa = PBXGroup;
			children = (
				C8A466EE162FE06B003DDAA6 /* Cocoa.framework */,
				C8A466F0162FE06B003DDAA6 /* Other Frameworks */,
			);
			name = Frameworks;
			sourceTree = "<group>";
		};
		C8A466F0162FE06B003DDAA6 /* Other Frameworks */ = {
			isa = PBXGroup;
			children = (
				C8A466F1162FE06B003DDAA6 /* AppKit.framework */,
				C8A466F2162FE06B003DDAA6 /* CoreData.framework */,
				C8A466F3162FE06B003DDAA6 /* Foundation.framework */,
			);
			name = "Other Frameworks";
			sourceTree = "<group>";
		};
		C8A466F4162FE06B003DDAA6 /* CocoaPubnubTest */ = {
			isa = PBXGroup;
			children = (
				C8A4670B162FE311003DDAA6 /* PubNub */,
				C8A46716162FE311003DDAA6 /* UnitTest */,
				C8A46700162FE06C003DDAA6 /* AppDelegate.h */,
				C8A46701162FE06C003DDAA6 /* AppDelegate.m */,
				C8A46703162FE06C003DDAA6 /* MainMenu.xib */,
				C8A466F5162FE06B003DDAA6 /* Supporting Files */,
			);
			path = CocoaPubnubTest;
			sourceTree = "<group>";
		};
		C8A466F5162FE06B003DDAA6 /* Supporting Files */ = {
			isa = PBXGroup;
			children = (
				C8A466F6162FE06B003DDAA6 /* CocoaPubnubTest-Info.plist */,
				C8A466F7162FE06B003DDAA6 /* InfoPlist.strings */,
				C8A466FA162FE06B003DDAA6 /* main.m */,
				C8A466FC162FE06B003DDAA6 /* CocoaPubnubTest-Prefix.pch */,
				C8A466FD162FE06B003DDAA6 /* Credits.rtf */,
			);
			name = "Supporting Files";
			sourceTree = "<group>";
		};
		C8A4670B162FE311003DDAA6 /* PubNub */ = {
			isa = PBXGroup;
			children = (
				C8A4670E162FE311003DDAA6 /* JSON.h */,
				C8A4670F162FE311003DDAA6 /* JSON.m */,
				C8A46710162FE311003DDAA6 /* JSONKit.h */,
				C8A46711162FE311003DDAA6 /* JSONKit.m */,
				C8A46712162FE311003DDAA6 /* pubnub.h */,
				C8A46713162FE311003DDAA6 /* pubnub.m */,
				C8A46714162FE311003DDAA6 /* request.h */,
				C8A46715162FE311003DDAA6 /* request.m */,
			);
			path = PubNub;
			sourceTree = "<group>";
		};
		C8A46716162FE311003DDAA6 /* UnitTest */ = {
			isa = PBXGroup;
			children = (
				C8A46727162FE5D7003DDAA6 /* CommonUtil.h */,
				C8A46728162FE5D7003DDAA6 /* CommonUtil.m */,
				C8A46717162FE311003DDAA6 /* DetailedHistoryUnitTest.h */,
				C8A46718162FE311003DDAA6 /* DetailedHistoryUnitTest.m */,
				C8A46719162FE311003DDAA6 /* UnsubcribeUnitTest.h */,
				C8A4671A162FE311003DDAA6 /* UnsubcribeUnitTest.m */,
				C8A46724162FE57B003DDAA6 /* CL_223.h */,
				C8A46725162FE57B003DDAA6 /* CL_223.m */,
				C8BA022A16317D8F00DAE577 /* Catch_Up_UnitTest.h */,
				C8BA022B16317D8F00DAE577 /* Catch_Up_UnitTest.m */,
			);
			path = UnitTest;
			sourceTree = "<group>";
		};
/* End PBXGroup section */

/* Begin PBXNativeTarget section */
		C8A466E9162FE06B003DDAA6 /* CocoaPubnubTest */ = {
			isa = PBXNativeTarget;
			buildConfigurationList = C8A46708162FE06C003DDAA6 /* Build configuration list for PBXNativeTarget "CocoaPubnubTest" */;
			buildPhases = (
				C8A466E6162FE06B003DDAA6 /* Sources */,
				C8A466E7162FE06B003DDAA6 /* Frameworks */,
				C8A466E8162FE06B003DDAA6 /* Resources */,
			);
			buildRules = (
			);
			dependencies = (
			);
			name = CocoaPubnubTest;
			productName = CocoaPubnubTest;
			productReference = C8A466EA162FE06B003DDAA6 /* CocoaPubnubTest.app */;
			productType = "com.apple.product-type.application";
		};
/* End PBXNativeTarget section */

/* Begin PBXProject section */
		C8A466E1162FE06B003DDAA6 /* Project object */ = {
			isa = PBXProject;
			attributes = {
				LastUpgradeCheck = 0440;
				ORGANIZATIONNAME = itshastra;
			};
			buildConfigurationList = C8A466E4162FE06B003DDAA6 /* Build configuration list for PBXProject "CocoaPubnubTest" */;
			compatibilityVersion = "Xcode 3.2";
			developmentRegion = English;
			hasScannedForEncodings = 0;
			knownRegions = (
				en,
			);
			mainGroup = C8A466DF162FE06B003DDAA6;
			productRefGroup = C8A466EB162FE06B003DDAA6 /* Products */;
			projectDirPath = "";
			projectRoot = "";
			targets = (
				C8A466E9162FE06B003DDAA6 /* CocoaPubnubTest */,
			);
		};
/* End PBXProject section */

/* Begin PBXResourcesBuildPhase section */
		C8A466E8162FE06B003DDAA6 /* Resources */ = {
			isa = PBXResourcesBuildPhase;
			buildActionMask = 2147483647;
			files = (
				C8A466F9162FE06B003DDAA6 /* InfoPlist.strings in Resources */,
				C8A466FF162FE06B003DDAA6 /* Credits.rtf in Resources */,
				C8A46705162FE06C003DDAA6 /* MainMenu.xib in Resources */,
			);
			runOnlyForDeploymentPostprocessing = 0;
		};
/* End PBXResourcesBuildPhase section */

/* Begin PBXSourcesBuildPhase section */
		C8A466E6162FE06B003DDAA6 /* Sources */ = {
			isa = PBXSourcesBuildPhase;
			buildActionMask = 2147483647;
			files = (
				C8A466FB162FE06B003DDAA6 /* main.m in Sources */,
				C8A46702162FE06C003DDAA6 /* AppDelegate.m in Sources */,
				C8A4671D162FE311003DDAA6 /* JSON.m in Sources */,
				C8A4671E162FE311003DDAA6 /* JSONKit.m in Sources */,
				C8A4671F162FE311003DDAA6 /* pubnub.m in Sources */,
				C8A46720162FE311003DDAA6 /* request.m in Sources */,
				C8A46721162FE311003DDAA6 /* DetailedHistoryUnitTest.m in Sources */,
				C8A46722162FE311003DDAA6 /* UnsubcribeUnitTest.m in Sources */,
				C8A46726162FE57B003DDAA6 /* CL_223.m in Sources */,
				C8A46729162FE5D7003DDAA6 /* CommonUtil.m in Sources */,
				C8BA022C16317D8F00DAE577 /* Catch_Up_UnitTest.m in Sources */,
			);
			runOnlyForDeploymentPostprocessing = 0;
		};
/* End PBXSourcesBuildPhase section */

/* Begin PBXVariantGroup section */
		C8A466F7162FE06B003DDAA6 /* InfoPlist.strings */ = {
			isa = PBXVariantGroup;
			children = (
				C8A466F8162FE06B003DDAA6 /* en */,
			);
			name = InfoPlist.strings;
			sourceTree = "<group>";
		};
		C8A466FD162FE06B003DDAA6 /* Credits.rtf */ = {
			isa = PBXVariantGroup;
			children = (
				C8A466FE162FE06B003DDAA6 /* en */,
			);
			name = Credits.rtf;
			sourceTree = "<group>";
		};
		C8A46703162FE06C003DDAA6 /* MainMenu.xib */ = {
			isa = PBXVariantGroup;
			children = (
				C8A46704162FE06C003DDAA6 /* en */,
			);
			name = MainMenu.xib;
			sourceTree = "<group>";
		};
/* End PBXVariantGroup section */

/* Begin XCBuildConfiguration section */
		C8A46706162FE06C003DDAA6 /* Debug */ = {
			isa = XCBuildConfiguration;
			buildSettings = {
				ALWAYS_SEARCH_USER_PATHS = NO;
				ARCHS = "$(ARCHS_STANDARD_64_BIT)";
				CLANG_CXX_LANGUAGE_STANDARD = "gnu++0x";
				CLANG_ENABLE_OBJC_ARC = YES;
				CLANG_WARN__DUPLICATE_METHOD_MATCH = YES;
				COPY_PHASE_STRIP = NO;
				GCC_C_LANGUAGE_STANDARD = gnu99;
				GCC_DYNAMIC_NO_PIC = NO;
				GCC_ENABLE_OBJC_EXCEPTIONS = YES;
				GCC_OPTIMIZATION_LEVEL = 0;
				GCC_PREPROCESSOR_DEFINITIONS = (
					"DEBUG=1",
					"$(inherited)",
				);
				GCC_SYMBOLS_PRIVATE_EXTERN = NO;
				GCC_WARN_64_TO_32_BIT_CONVERSION = YES;
				GCC_WARN_ABOUT_RETURN_TYPE = YES;
				GCC_WARN_UNINITIALIZED_AUTOS = YES;
				GCC_WARN_UNUSED_VARIABLE = YES;
				MACOSX_DEPLOYMENT_TARGET = 10.7;
				ONLY_ACTIVE_ARCH = YES;
				SDKROOT = macosx10.8;
			};
			name = Debug;
		};
		C8A46707162FE06C003DDAA6 /* Release */ = {
			isa = XCBuildConfiguration;
			buildSettings = {
				ALWAYS_SEARCH_USER_PATHS = NO;
				ARCHS = "$(ARCHS_STANDARD_64_BIT)";
				CLANG_CXX_LANGUAGE_STANDARD = "gnu++0x";
				CLANG_ENABLE_OBJC_ARC = YES;
				CLANG_WARN__DUPLICATE_METHOD_MATCH = YES;
				COPY_PHASE_STRIP = YES;
				DEBUG_INFORMATION_FORMAT = "dwarf-with-dsym";
				GCC_C_LANGUAGE_STANDARD = gnu99;
				GCC_ENABLE_OBJC_EXCEPTIONS = YES;
				GCC_WARN_64_TO_32_BIT_CONVERSION = YES;
				GCC_WARN_ABOUT_RETURN_TYPE = YES;
				GCC_WARN_UNINITIALIZED_AUTOS = YES;
				GCC_WARN_UNUSED_VARIABLE = YES;
				MACOSX_DEPLOYMENT_TARGET = 10.7;
				SDKROOT = macosx10.8;
			};
			name = Release;
		};
		C8A46709162FE06C003DDAA6 /* Debug */ = {
			isa = XCBuildConfiguration;
			buildSettings = {
				COMBINE_HIDPI_IMAGES = YES;
				GCC_PRECOMPILE_PREFIX_HEADER = YES;
				GCC_PREFIX_HEADER = "CocoaPubnubTest/CocoaPubnubTest-Prefix.pch";
				INFOPLIST_FILE = "CocoaPubnubTest/CocoaPubnubTest-Info.plist";
				MACOSX_DEPLOYMENT_TARGET = 10.6;
				PRODUCT_NAME = "$(TARGET_NAME)";
				WRAPPER_EXTENSION = app;
			};
			name = Debug;
		};
		C8A4670A162FE06C003DDAA6 /* Release */ = {
			isa = XCBuildConfiguration;
			buildSettings = {
				COMBINE_HIDPI_IMAGES = YES;
				GCC_PRECOMPILE_PREFIX_HEADER = YES;
				GCC_PREFIX_HEADER = "CocoaPubnubTest/CocoaPubnubTest-Prefix.pch";
				INFOPLIST_FILE = "CocoaPubnubTest/CocoaPubnubTest-Info.plist";
				MACOSX_DEPLOYMENT_TARGET = 10.6;
				PRODUCT_NAME = "$(TARGET_NAME)";
				WRAPPER_EXTENSION = app;
			};
			name = Release;
		};
/* End XCBuildConfiguration section */

/* Begin XCConfigurationList section */
		C8A466E4162FE06B003DDAA6 /* Build configuration list for PBXProject "CocoaPubnubTest" */ = {
			isa = XCConfigurationList;
			buildConfigurations = (
				C8A46706162FE06C003DDAA6 /* Debug */,
				C8A46707162FE06C003DDAA6 /* Release */,
			);
			defaultConfigurationIsVisible = 0;
			defaultConfigurationName = Release;
		};
		C8A46708162FE06C003DDAA6 /* Build configuration list for PBXNativeTarget "CocoaPubnubTest" */ = {
			isa = XCConfigurationList;
			buildConfigurations = (
				C8A46709162FE06C003DDAA6 /* Debug */,
				C8A4670A162FE06C003DDAA6 /* Release */,
			);
			defaultConfigurationIsVisible = 0;
			defaultConfigurationName = Release;
		};
/* End XCConfigurationList section */
	};
	rootObject = C8A466E1162FE06B003DDAA6 /* Project object */;
}
