
Microsoft Visual Studio Solution File, Format Version 11.00
# Visual Studio 2010
Project("{FAE04EC0-301F-11D3-BF4B-00C04F79EFBC}") = "PubnubSilver", "PubnubSilver\PubnubSilver.csproj", "{24D978B1-F193-44C7-B95A-157B49740A44}"
EndProject
Project("{FAE04EC0-301F-11D3-BF4B-00C04F79EFBC}") = "PubnubSilver.Web", "PubnubSilver.Web\PubnubSilver.Web.csproj", "{2734A599-134D-4597-ACBA-BC0C4BAC55B6}"
EndProject
Global
	GlobalSection(SolutionConfigurationPlatforms) = preSolution
		Debug|Any CPU = Debug|Any CPU
		Release|Any CPU = Release|Any CPU
	EndGlobalSection
	GlobalSection(ProjectConfigurationPlatforms) = postSolution
		{24D978B1-F193-44C7-B95A-157B49740A44}.Debug|Any CPU.ActiveCfg = Debug|Any CPU
		{24D978B1-F193-44C7-B95A-157B49740A44}.Debug|Any CPU.Build.0 = Debug|Any CPU
		{24D978B1-F193-44C7-B95A-157B49740A44}.Release|Any CPU.ActiveCfg = Release|Any CPU
		{24D978B1-F193-44C7-B95A-157B49740A44}.Release|Any CPU.Build.0 = Release|Any CPU
		{2734A599-134D-4597-ACBA-BC0C4BAC55B6}.Debug|Any CPU.ActiveCfg = Debug|Any CPU
		{2734A599-134D-4597-ACBA-BC0C4BAC55B6}.Debug|Any CPU.Build.0 = Debug|Any CPU
		{2734A599-134D-4597-ACBA-BC0C4BAC55B6}.Release|Any CPU.ActiveCfg = Release|Any CPU
		{2734A599-134D-4597-ACBA-BC0C4BAC55B6}.Release|Any CPU.Build.0 = Release|Any CPU
	EndGlobalSection
	GlobalSection(SolutionProperties) = preSolution
		HideSolutionNode = FALSE
	EndGlobalSection
EndGlobal
